// !$*UTF8*$!
{
	archiveVersion = 1;
	classes = {
	};
	objectVersion = 46;
	objects = {

/* Begin PBXBuildFile section */
		80495AE81D6B8E82003F52C1 /* IrishGrover.ttf in Resources */ = {isa = PBXBuildFile; fileRef = 80495AE71D6B8E82003F52C1 /* IrishGrover.ttf */; };
		805D83531D63B3F700EF63DD /* PhrasesViewController.swift in Sources */ = {isa = PBXBuildFile; fileRef = 805D83521D63B3F700EF63DD /* PhrasesViewController.swift */; };
		805D83551D63CDA200EF63DD /* utils.swift in Sources */ = {isa = PBXBuildFile; fileRef = 805D83541D63CDA200EF63DD /* utils.swift */; };
		805D83571D63E3E100EF63DD /* Template.swift in Sources */ = {isa = PBXBuildFile; fileRef = 805D83561D63E3E100EF63DD /* Template.swift */; };
		805D835C1D6631CE00EF63DD /* StoryViewController.swift in Sources */ = {isa = PBXBuildFile; fileRef = 805D835B1D6631CE00EF63DD /* StoryViewController.swift */; };
		80A5E0E61D6BC22D00C6B2FC /* Localizable.strings in Resources */ = {isa = PBXBuildFile; fileRef = 80A5E0E41D6BC22D00C6B2FC /* Localizable.strings */; };
		80A7EFFE1D6785B8000DE586 /* Templates in Resources */ = {isa = PBXBuildFile; fileRef = 80A7EFFC1D6785B8000DE586 /* Templates */; };
		80AA250F1D62667E00A23F90 /* AppDelegate.swift in Sources */ = {isa = PBXBuildFile; fileRef = 80AA250E1D62667E00A23F90 /* AppDelegate.swift */; };
		80AA25141D62667E00A23F90 /* Main.storyboard in Resources */ = {isa = PBXBuildFile; fileRef = 80AA25121D62667E00A23F90 /* Main.storyboard */; };
		80AA25161D62667E00A23F90 /* Assets.xcassets in Resources */ = {isa = PBXBuildFile; fileRef = 80AA25151D62667E00A23F90 /* Assets.xcassets */; };
		80AA25191D62667E00A23F90 /* LaunchScreen.storyboard in Resources */ = {isa = PBXBuildFile; fileRef = 80AA25171D62667E00A23F90 /* LaunchScreen.storyboard */; };
		80AA25211D626B0F00A23F90 /* StoriesTableViewController.swift in Sources */ = {isa = PBXBuildFile; fileRef = 80AA25201D626B0F00A23F90 /* StoriesTableViewController.swift */; };
/* End PBXBuildFile section */

/* Begin PBXFileReference section */
		80495AE71D6B8E82003F52C1 /* IrishGrover.ttf */ = {isa = PBXFileReference; lastKnownFileType = file; path = IrishGrover.ttf; sourceTree = "<group>"; };
		805D83521D63B3F700EF63DD /* PhrasesViewController.swift */ = {isa = PBXFileReference; fileEncoding = 4; lastKnownFileType = sourcecode.swift; path = PhrasesViewController.swift; sourceTree = "<group>"; };
		805D83541D63CDA200EF63DD /* utils.swift */ = {isa = PBXFileReference; fileEncoding = 4; lastKnownFileType = sourcecode.swift; path = utils.swift; sourceTree = "<group>"; };
		805D83561D63E3E100EF63DD /* Template.swift */ = {isa = PBXFileReference; fileEncoding = 4; lastKnownFileType = sourcecode.swift; path = Template.swift; sourceTree = "<group>"; };
		805D835B1D6631CE00EF63DD /* StoryViewController.swift */ = {isa = PBXFileReference; fileEncoding = 4; lastKnownFileType = sourcecode.swift; path = StoryViewController.swift; sourceTree = "<group>"; };
		80A5E0E51D6BC22D00C6B2FC /* fr */ = {isa = PBXFileReference; lastKnownFileType = text.plist.strings; name = fr; path = fr.lproj/Localizable.strings; sourceTree = "<group>"; };
		80A5E0E71D6BC2D300C6B2FC /* en */ = {isa = PBXFileReference; lastKnownFileType = text.plist.strings; name = en; path = en.lproj/Localizable.strings; sourceTree = "<group>"; };
		80A7EFFF1D67895F000DE586 /* fr */ = {isa = PBXFileReference; lastKnownFileType = text.plist.strings; name = fr; path = fr.lproj/Main.strings; sourceTree = "<group>"; };
		80A7F0001D678960000DE586 /* fr */ = {isa = PBXFileReference; lastKnownFileType = text.plist.strings; name = fr; path = fr.lproj/LaunchScreen.strings; sourceTree = "<group>"; };
		80A7F0011D678960000DE586 /* fr */ = {isa = PBXFileReference; lastKnownFileType = folder; name = fr; path = fr.lproj/Templates; sourceTree = "<group>"; };
		80AA250B1D62667E00A23F90 /* Phrasal.app */ = {isa = PBXFileReference; explicitFileType = wrapper.application; includeInIndex = 0; path = Phrasal.app; sourceTree = BUILT_PRODUCTS_DIR; };
		80AA250E1D62667E00A23F90 /* AppDelegate.swift */ = {isa = PBXFileReference; lastKnownFileType = sourcecode.swift; path = AppDelegate.swift; sourceTree = "<group>"; };
		80AA25131D62667E00A23F90 /* Base */ = {isa = PBXFileReference; lastKnownFileType = file.storyboard; name = Base; path = Base.lproj/Main.storyboard; sourceTree = "<group>"; };
		80AA25151D62667E00A23F90 /* Assets.xcassets */ = {isa = PBXFileReference; lastKnownFileType = folder.assetcatalog; path = Assets.xcassets; sourceTree = "<group>"; };
		80AA25181D62667E00A23F90 /* Base */ = {isa = PBXFileReference; lastKnownFileType = file.storyboard; name = Base; path = Base.lproj/LaunchScreen.storyboard; sourceTree = "<group>"; };
		80AA251A1D62667E00A23F90 /* Info.plist */ = {isa = PBXFileReference; lastKnownFileType = text.plist.xml; path = Info.plist; sourceTree = "<group>"; };
		80AA25201D626B0F00A23F90 /* StoriesTableViewController.swift */ = {isa = PBXFileReference; fileEncoding = 4; lastKnownFileType = sourcecode.swift; path = StoriesTableViewController.swift; sourceTree = "<group>"; };
		80DF6F9F1D6BBDCD00C82927 /* en */ = {isa = PBXFileReference; lastKnownFileType = folder; name = en; path = en.lproj/Templates; sourceTree = "<group>"; };
/* End PBXFileReference section */

/* Begin PBXFrameworksBuildPhase section */
		80AA25081D62667E00A23F90 /* Frameworks */ = {
			isa = PBXFrameworksBuildPhase;
			buildActionMask = 2147483647;
			files = (
			);
			runOnlyForDeploymentPostprocessing = 0;
		};
/* End PBXFrameworksBuildPhase section */

/* Begin PBXGroup section */
		80AA25021D62667E00A23F90 = {
			isa = PBXGroup;
			children = (
				80AA250D1D62667E00A23F90 /* Phrasal */,
				80AA250C1D62667E00A23F90 /* Products */,
			);
			sourceTree = "<group>";
		};
		80AA250C1D62667E00A23F90 /* Products */ = {
			isa = PBXGroup;
			children = (
				80AA250B1D62667E00A23F90 /* Phrasal.app */,
			);
			name = Products;
			sourceTree = "<group>";
		};
		80AA250D1D62667E00A23F90 /* Phrasal */ = {
			isa = PBXGroup;
			children = (
				80AA250E1D62667E00A23F90 /* AppDelegate.swift */,
				805D83541D63CDA200EF63DD /* utils.swift */,
				80AA25121D62667E00A23F90 /* Main.storyboard */,
				805D835B1D6631CE00EF63DD /* StoryViewController.swift */,
				805D83521D63B3F700EF63DD /* PhrasesViewController.swift */,
				805D83561D63E3E100EF63DD /* Template.swift */,
				80AA25201D626B0F00A23F90 /* StoriesTableViewController.swift */,
				80AA25151D62667E00A23F90 /* Assets.xcassets */,
				80AA25171D62667E00A23F90 /* LaunchScreen.storyboard */,
				80AA251A1D62667E00A23F90 /* Info.plist */,
				80495AE71D6B8E82003F52C1 /* IrishGrover.ttf */,
				80A5E0E41D6BC22D00C6B2FC /* Localizable.strings */,
				80A7EFFC1D6785B8000DE586 /* Templates */,
			);
			path = Phrasal;
			sourceTree = "<group>";
		};
/* End PBXGroup section */

/* Begin PBXNativeTarget section */
		80AA250A1D62667E00A23F90 /* Phrasal */ = {
			isa = PBXNativeTarget;
			buildConfigurationList = 80AA251D1D62667E00A23F90 /* Build configuration list for PBXNativeTarget "Phrasal" */;
			buildPhases = (
				80AA25071D62667E00A23F90 /* Sources */,
				80AA25081D62667E00A23F90 /* Frameworks */,
				80AA25091D62667E00A23F90 /* Resources */,
			);
			buildRules = (
			);
			dependencies = (
			);
			name = Phrasal;
			productName = Phrasal;
			productReference = 80AA250B1D62667E00A23F90 /* Phrasal.app */;
			productType = "com.apple.product-type.application";
		};
/* End PBXNativeTarget section */

/* Begin PBXProject section */
		80AA25031D62667E00A23F90 /* Project object */ = {
			isa = PBXProject;
			attributes = {
				LastSwiftUpdateCheck = 0730;
				LastUpgradeCheck = 0800;
				ORGANIZATIONNAME = "R. Matthew Emerson";
				TargetAttributes = {
					80AA250A1D62667E00A23F90 = {
						CreatedOnToolsVersion = 7.3.1;
						DevelopmentTeam = E2U65G9LFN;
						LastSwiftMigration = 0800;
					};
				};
			};
			buildConfigurationList = 80AA25061D62667E00A23F90 /* Build configuration list for PBXProject "Phrasal" */;
			compatibilityVersion = "Xcode 3.2";
			developmentRegion = English;
			hasScannedForEncodings = 0;
			knownRegions = (
				en,
				Base,
				fr,
			);
			mainGroup = 80AA25021D62667E00A23F90;
			productRefGroup = 80AA250C1D62667E00A23F90 /* Products */;
			projectDirPath = "";
			projectRoot = "";
			targets = (
				80AA250A1D62667E00A23F90 /* Phrasal */,
			);
		};
/* End PBXProject section */

/* Begin PBXResourcesBuildPhase section */
		80AA25091D62667E00A23F90 /* Resources */ = {
			isa = PBXResourcesBuildPhase;
			buildActionMask = 2147483647;
			files = (
				80495AE81D6B8E82003F52C1 /* IrishGrover.ttf in Resources */,
				80A5E0E61D6BC22D00C6B2FC /* Localizable.strings in Resources */,
				80A7EFFE1D6785B8000DE586 /* Templates in Resources */,
				80AA25191D62667E00A23F90 /* LaunchScreen.storyboard in Resources */,
				80AA25161D62667E00A23F90 /* Assets.xcassets in Resources */,
				80AA25141D62667E00A23F90 /* Main.storyboard in Resources */,
			);
			runOnlyForDeploymentPostprocessing = 0;
		};
/* End PBXResourcesBuildPhase section */

/* Begin PBXSourcesBuildPhase section */
		80AA25071D62667E00A23F90 /* Sources */ = {
			isa = PBXSourcesBuildPhase;
			buildActionMask = 2147483647;
			files = (
				805D835C1D6631CE00EF63DD /* StoryViewController.swift in Sources */,
				805D83551D63CDA200EF63DD /* utils.swift in Sources */,
				80AA25211D626B0F00A23F90 /* StoriesTableViewController.swift in Sources */,
				805D83571D63E3E100EF63DD /* Template.swift in Sources */,
				805D83531D63B3F700EF63DD /* PhrasesViewController.swift in Sources */,
				80AA250F1D62667E00A23F90 /* AppDelegate.swift in Sources */,
			);
			runOnlyForDeploymentPostprocessing = 0;
		};
/* End PBXSourcesBuildPhase section */

/* Begin PBXVariantGroup section */
		80A5E0E41D6BC22D00C6B2FC /* Localizable.strings */ = {
			isa = PBXVariantGroup;
			children = (
				80A5E0E51D6BC22D00C6B2FC /* fr */,
				80A5E0E71D6BC2D300C6B2FC /* en */,
			);
			name = Localizable.strings;
			sourceTree = "<group>";
		};
		80A7EFFC1D6785B8000DE586 /* Templates */ = {
			isa = PBXVariantGroup;
			children = (
				80A7F0011D678960000DE586 /* fr */,
				80DF6F9F1D6BBDCD00C82927 /* en */,
			);
			name = Templates;
			sourceTree = "<group>";
		};
		80AA25121D62667E00A23F90 /* Main.storyboard */ = {
			isa = PBXVariantGroup;
			children = (
				80AA25131D62667E00A23F90 /* Base */,
				80A7EFFF1D67895F000DE586 /* fr */,
			);
			name = Main.storyboard;
			sourceTree = "<group>";
		};
		80AA25171D62667E00A23F90 /* LaunchScreen.storyboard */ = {
			isa = PBXVariantGroup;
			children = (
				80AA25181D62667E00A23F90 /* Base */,
				80A7F0001D678960000DE586 /* fr */,
			);
			name = LaunchScreen.storyboard;
			sourceTree = "<group>";
		};
/* End PBXVariantGroup section */

/* Begin XCBuildConfiguration section */
		80AA251B1D62667E00A23F90 /* Debug */ = {
			isa = XCBuildConfiguration;
			buildSettings = {
				ALWAYS_SEARCH_USER_PATHS = NO;
				CLANG_ANALYZER_LOCALIZABILITY_NONLOCALIZED = YES;
				CLANG_ANALYZER_NONNULL = YES;
				CLANG_CXX_LANGUAGE_STANDARD = "gnu++0x";
				CLANG_CXX_LIBRARY = "libc++";
				CLANG_ENABLE_MODULES = YES;
				CLANG_ENABLE_OBJC_ARC = YES;
				CLANG_WARN_BOOL_CONVERSION = YES;
				CLANG_WARN_CONSTANT_CONVERSION = YES;
				CLANG_WARN_DIRECT_OBJC_ISA_USAGE = YES_ERROR;
				CLANG_WARN_EMPTY_BODY = YES;
				CLANG_WARN_ENUM_CONVERSION = YES;
				CLANG_WARN_INFINITE_RECURSION = YES;
				CLANG_WARN_INT_CONVERSION = YES;
				CLANG_WARN_OBJC_ROOT_CLASS = YES_ERROR;
				CLANG_WARN_SUSPICIOUS_MOVE = YES;
				CLANG_WARN_UNREACHABLE_CODE = YES;
				CLANG_WARN__DUPLICATE_METHOD_MATCH = YES;
				"CODE_SIGN_IDENTITY[sdk=iphoneos*]" = "iPhone Developer";
				COPY_PHASE_STRIP = NO;
				DEBUG_INFORMATION_FORMAT = dwarf;
				ENABLE_STRICT_OBJC_MSGSEND = YES;
				ENABLE_TESTABILITY = YES;
				GCC_C_LANGUAGE_STANDARD = gnu99;
				GCC_DYNAMIC_NO_PIC = NO;
				GCC_NO_COMMON_BLOCKS = YES;
				GCC_OPTIMIZATION_LEVEL = 0;
				GCC_PREPROCESSOR_DEFINITIONS = (
					"DEBUG=1",
					"$(inherited)",
				);
				GCC_WARN_64_TO_32_BIT_CONVERSION = YES;
				GCC_WARN_ABOUT_RETURN_TYPE = YES_ERROR;
				GCC_WARN_UNDECLARED_SELECTOR = YES;
				GCC_WARN_UNINITIALIZED_AUTOS = YES_AGGRESSIVE;
				GCC_WARN_UNUSED_FUNCTION = YES;
				GCC_WARN_UNUSED_VARIABLE = YES;
				IPHONEOS_DEPLOYMENT_TARGET = 9.3;
				MTL_ENABLE_DEBUG_INFO = YES;
				ONLY_ACTIVE_ARCH = YES;
				SDKROOT = iphoneos;
				SWIFT_OPTIMIZATION_LEVEL = "-Onone";
				TARGETED_DEVICE_FAMILY = "1,2";
			};
			name = Debug;
		};
		80AA251C1D62667E00A23F90 /* Release */ = {
			isa = XCBuildConfiguration;
			buildSettings = {
				ALWAYS_SEARCH_USER_PATHS = NO;
				CLANG_ANALYZER_LOCALIZABILITY_NONLOCALIZED = YES;
				CLANG_ANALYZER_NONNULL = YES;
				CLANG_CXX_LANGUAGE_STANDARD = "gnu++0x";
				CLANG_CXX_LIBRARY = "libc++";
				CLANG_ENABLE_MODULES = YES;
				CLANG_ENABLE_OBJC_ARC = YES;
				CLANG_WARN_BOOL_CONVERSION = YES;
				CLANG_WARN_CONSTANT_CONVERSION = YES;
				CLANG_WARN_DIRECT_OBJC_ISA_USAGE = YES_ERROR;
				CLANG_WARN_EMPTY_BODY = YES;
				CLANG_WARN_ENUM_CONVERSION = YES;
				CLANG_WARN_INFINITE_RECURSION = YES;
				CLANG_WARN_INT_CONVERSION = YES;
				CLANG_WARN_OBJC_ROOT_CLASS = YES_ERROR;
				CLANG_WARN_SUSPICIOUS_MOVE = YES;
				CLANG_WARN_UNREACHABLE_CODE = YES;
				CLANG_WARN__DUPLICATE_METHOD_MATCH = YES;
				"CODE_SIGN_IDENTITY[sdk=iphoneos*]" = "iPhone Developer";
				COPY_PHASE_STRIP = NO;
				DEBUG_INFORMATION_FORMAT = "dwarf-with-dsym";
				ENABLE_NS_ASSERTIONS = NO;
				ENABLE_STRICT_OBJC_MSGSEND = YES;
				GCC_C_LANGUAGE_STANDARD = gnu99;
				GCC_NO_COMMON_BLOCKS = YES;
				GCC_WARN_64_TO_32_BIT_CONVERSION = YES;
				GCC_WARN_ABOUT_RETURN_TYPE = YES_ERROR;
				GCC_WARN_UNDECLARED_SELECTOR = YES;
				GCC_WARN_UNINITIALIZED_AUTOS = YES_AGGRESSIVE;
				GCC_WARN_UNUSED_FUNCTION = YES;
				GCC_WARN_UNUSED_VARIABLE = YES;
				IPHONEOS_DEPLOYMENT_TARGET = 9.3;
				MTL_ENABLE_DEBUG_INFO = NO;
				SDKROOT = iphoneos;
				TARGETED_DEVICE_FAMILY = "1,2";
				VALIDATE_PRODUCT = YES;
			};
			name = Release;
		};
		80AA251E1D62667E00A23F90 /* Debug */ = {
			isa = XCBuildConfiguration;
			buildSettings = {
				ASSETCATALOG_COMPILER_APPICON_NAME = AppIcon;
				DEVELOPMENT_TEAM = E2U65G9LFN;
				INFOPLIST_FILE = Phrasal/Info.plist;
				LD_RUNPATH_SEARCH_PATHS = "$(inherited) @executable_path/Frameworks";
				PRODUCT_BUNDLE_IDENTIFIER = com.thoughtstuff.Phrasal;
				PRODUCT_NAME = "$(TARGET_NAME)";
				SWIFT_VERSION = 3.0;
			};
			name = Debug;
		};
		80AA251F1D62667E00A23F90 /* Release */ = {
			isa = XCBuildConfiguration;
			buildSettings = {
				ASSETCATALOG_COMPILER_APPICON_NAME = AppIcon;
				DEVELOPMENT_TEAM = E2U65G9LFN;
				INFOPLIST_FILE = Phrasal/Info.plist;
				LD_RUNPATH_SEARCH_PATHS = "$(inherited) @executable_path/Frameworks";
				PRODUCT_BUNDLE_IDENTIFIER = com.thoughtstuff.Phrasal;
				PRODUCT_NAME = "$(TARGET_NAME)";
				SWIFT_OPTIMIZATION_LEVEL = "-Owholemodule";
				SWIFT_VERSION = 3.0;
			};
			name = Release;
		};
/* End XCBuildConfiguration section */

/* Begin XCConfigurationList section */
		80AA25061D62667E00A23F90 /* Build configuration list for PBXProject "Phrasal" */ = {
			isa = XCConfigurationList;
			buildConfigurations = (
				80AA251B1D62667E00A23F90 /* Debug */,
				80AA251C1D62667E00A23F90 /* Release */,
			);
			defaultConfigurationIsVisible = 0;
			defaultConfigurationName = Release;
		};
		80AA251D1D62667E00A23F90 /* Build configuration list for PBXNativeTarget "Phrasal" */ = {
			isa = XCConfigurationList;
			buildConfigurations = (
				80AA251E1D62667E00A23F90 /* Debug */,
				80AA251F1D62667E00A23F90 /* Release */,
			);
			defaultConfigurationIsVisible = 0;
			defaultConfigurationName = Release;
		};
/* End XCConfigurationList section */
	};
	rootObject = 80AA25031D62667E00A23F90 /* Project object */;
}
